# This file was autogenerated by Stack.
# You should not edit this file by hand.
# For more information, please see the documentation at:
#   https://docs.haskellstack.org/en/stable/lock_files

packages:
- completed:
    hackage: language-glsl-0.3.0@sha256:85c1e7bf2cf5d6e604b7a2899c27e2935033425944db200798e57849e64d4c81,1636
    pantry-tree:
      size: 582
      sha256: 64800d879b2d864171f72a7a717883540a0607d2d5ffb3be3378299fa80fdce5
  original:
    hackage: language-glsl-0.3.0
- completed:
    hackage: zip-archive-0.3.3@sha256:53f871653059f87285f434319598f380d986cd7fd9219de555dcafc496121a7c,2688
    pantry-tree:
      size: 743
      sha256: 8bda87a02ae07faa2eb683899d8f69a1a5d58cca0263b58d0e5c7d4413e4fc64
  original:
    hackage: zip-archive-0.3.3
- completed:
    hackage: broadcast-chan-0.2.1@sha256:44add065c6b654a4677a9d77033977063c5cc596173b798bd56e4b88ae23e71e,6128
    pantry-tree:
      size: 755
      sha256: 20c61679c2789457b146c4f79ec1583377a031282cb56a82ca00fe89b53a2cf2
  original:
    hackage: broadcast-chan-0.2.1@sha256:44add065c6b654a4677a9d77033977063c5cc596173b798bd56e4b88ae23e71e,6128
- completed:
    hackage: timeout-0.1.1@sha256:56c1d3321d7139d1f7ebf04d46c95d3a3f1c8c9e0f15666ae3ccd6bae6204b6e,1427
    pantry-tree:
      size: 437
      sha256: e571503d7e609c3fe496de7e858613360bfa6c06e20ac57d9659bd32d0645889
  original:
    hackage: timeout-0.1.1@sha256:56c1d3321d7139d1f7ebf04d46c95d3a3f1c8c9e0f15666ae3ccd6bae6204b6e,1427
- completed:
    hackage: regex-posix-clib-2.7@sha256:998fca06da3d719818f0691ef0b8b9b7375afeea228cb08bd9e2db53f96b0cd7,1232
    pantry-tree:
      size: 524
      sha256: 5bf20952472d930323766d250f5fbbe3fe6f2cd3d931e5cf7b62a238ab2099ff
  original:
    hackage: regex-posix-clib-2.7
snapshots:
- completed:
    size: 532414
    url: https://raw.githubusercontent.com/commercialhaskell/stackage-snapshots/master/lts/16/22.yaml
    sha256: e483fb88549fc0f454c190979bf35ac91c7aceff2c0e71e7d8edd11842d772d8
  original: lts-16.22
